
Microsoft Visual Studio Solution File, Format Version 12.00
# Visual Studio Version 16
VisualStudioVersion = 16.0.30114.105
MinimumVisualStudioVersion = 10.0.40219.1
Project("{FAE04EC0-301F-11D3-BF4B-00C04F79EFBC}") = "parcel-server", "Service\parcel-server.csproj", "{B8A1AC18-620B-4445-9583-5F06F910A35F}"
EndProject
Project("{FAE04EC0-301F-11D3-BF4B-00C04F79EFBC}") = "Service.Tests", "Service.Tests\Service.Tests.csproj", "{BD624087-ADF9-459B-B878-F4CF657706CF}"
EndProject
Global
	GlobalSection(SolutionConfigurationPlatforms) = preSolution
		Debug|Any CPU = Debug|Any CPU
		Release|Any CPU = Release|Any CPU
	EndGlobalSection
	GlobalSection(SolutionProperties) = preSolution
		HideSolutionNode = FALSE
	EndGlobalSection
	GlobalSection(ProjectConfigurationPlatforms) = postSolution
		{B8A1AC18-620B-4445-9583-5F06F910A35F}.Debug|Any CPU.ActiveCfg = Debug|Any CPU
		{B8A1AC18-620B-4445-9583-5F06F910A35F}.Debug|Any CPU.Build.0 = Debug|Any CPU
		{B8A1AC18-620B-4445-9583-5F06F910A35F}.Release|Any CPU.ActiveCfg = Release|Any CPU
		{B8A1AC18-620B-4445-9583-5F06F910A35F}.Release|Any CPU.Build.0 = Release|Any CPU
		{BD624087-ADF9-459B-B878-F4CF657706CF}.Debug|Any CPU.ActiveCfg = Debug|Any CPU
		{BD624087-ADF9-459B-B878-F4CF657706CF}.Debug|Any CPU.Build.0 = Debug|Any CPU
		{BD624087-ADF9-459B-B878-F4CF657706CF}.Release|Any CPU.ActiveCfg = Release|Any CPU
		{BD624087-ADF9-459B-B878-F4CF657706CF}.Release|Any CPU.Build.0 = Release|Any CPU
	EndGlobalSection
EndGlobal
